
Microsoft Visual Studio Solution File, Format Version 12.00
# Visual Studio Version 16
VisualStudioVersion = 16.0.30002.166
MinimumVisualStudioVersion = 10.0.40219.1
Project("{8BC9CEB8-8B4A-11D0-8D11-00A0C91BC942}") = "boost_date_time", "boost_date_time\boost_date_time.vcxproj", "{D98BBFD6-0081-44D7-BC34-2E8C3DCD2DEF}"
EndProject
Project("{8BC9CEB8-8B4A-11D0-8D11-00A0C91BC942}") = "boost_filesystem", "boost_filesystem\boost_filesystem.vcxproj", "{BD8E7119-4953-4AA2-80BC-CE6495090C40}"
EndProject
Global
	GlobalSection(SolutionConfigurationPlatforms) = preSolution
		Debug|x64 = Debug|x64
		Debug|x86 = Debug|x86
		Release|x64 = Release|x64
		Release|x86 = Release|x86
	EndGlobalSection
	GlobalSection(ProjectConfigurationPlatforms) = postSolution
		{D98BBFD6-0081-44D7-BC34-2E8C3DCD2DEF}.Debug|x64.ActiveCfg = Debug|x64
		{D98BBFD6-0081-44D7-BC34-2E8C3DCD2DEF}.Debug|x64.Build.0 = Debug|x64
		{D98BBFD6-0081-44D7-BC34-2E8C3DCD2DEF}.Debug|x86.ActiveCfg = Debug|Win32
		{D98BBFD6-0081-44D7-BC34-2E8C3DCD2DEF}.Debug|x86.Build.0 = Debug|Win32
		{D98BBFD6-0081-44D7-BC34-2E8C3DCD2DEF}.Release|x64.ActiveCfg = Release|x64
		{D98BBFD6-0081-44D7-BC34-2E8C3DCD2DEF}.Release|x64.Build.0 = Release|x64
		{D98BBFD6-0081-44D7-BC34-2E8C3DCD2DEF}.Release|x86.ActiveCfg = Release|Win32
		{D98BBFD6-0081-44D7-BC34-2E8C3DCD2DEF}.Release|x86.Build.0 = Release|Win32
		{BD8E7119-4953-4AA2-80BC-CE6495090C40}.Debug|x64.ActiveCfg = Debug|x64
		{BD8E7119-4953-4AA2-80BC-CE6495090C40}.Debug|x64.Build.0 = Debug|x64
		{BD8E7119-4953-4AA2-80BC-CE6495090C40}.Debug|x86.ActiveCfg = Debug|Win32
		{BD8E7119-4953-4AA2-80BC-CE6495090C40}.Debug|x86.Build.0 = Debug|Win32
		{BD8E7119-4953-4AA2-80BC-CE6495090C40}.Release|x64.ActiveCfg = Release|x64
		{BD8E7119-4953-4AA2-80BC-CE6495090C40}.Release|x64.Build.0 = Release|x64
		{BD8E7119-4953-4AA2-80BC-CE6495090C40}.Release|x86.ActiveCfg = Release|Win32
		{BD8E7119-4953-4AA2-80BC-CE6495090C40}.Release|x86.Build.0 = Release|Win32
	EndGlobalSection
	GlobalSection(SolutionProperties) = preSolution
		HideSolutionNode = FALSE
	EndGlobalSection
	GlobalSection(ExtensibilityGlobals) = postSolution
		SolutionGuid = {FDE326FA-0FA6-4B18-B83F-34369C038746}
	EndGlobalSection
EndGlobal
